
Microsoft Visual Studio Solution File, Format Version 12.00
# Visual Studio Version 17
VisualStudioVersion = 17.12.35527.113
MinimumVisualStudioVersion = 10.0.40219.1
Project("{FAE04EC0-301F-11D3-BF4B-00C04F79EFBC}") = "InternetClub", "InternetClub\InternetClub.csproj", "{9377AFA4-1528-4BDB-84A8-925C2AD0D062}"
EndProject
Project("{FAE04EC0-301F-11D3-BF4B-00C04F79EFBC}") = "InternetClub.Application", "InternetClub.Application\InternetClub.Application.csproj", "{CCD60237-56A8-4EF2-BB44-04C007DCECF5}"
EndProject
Project("{FAE04EC0-301F-11D3-BF4B-00C04F79EFBC}") = "InternetClub.Infrastructure", "InternetClub.Infrastructure\InternetClub.Infrastructure.csproj", "{456155AE-E486-4DD3-AC18-91CAB735F5AF}"
EndProject
Project("{FAE04EC0-301F-11D3-BF4B-00C04F79EFBC}") = "InternetClub.Domain", "InternetClub.Domain\InternetClub.Domain.csproj", "{35367918-C791-4338-8D0A-D2D74B3B9DB2}"
EndProject
Global
	GlobalSection(SolutionConfigurationPlatforms) = preSolution
		Debug|Any CPU = Debug|Any CPU
		Release|Any CPU = Release|Any CPU
	EndGlobalSection
	GlobalSection(ProjectConfigurationPlatforms) = postSolution
		{9377AFA4-1528-4BDB-84A8-925C2AD0D062}.Debug|Any CPU.ActiveCfg = Debug|Any CPU
		{9377AFA4-1528-4BDB-84A8-925C2AD0D062}.Debug|Any CPU.Build.0 = Debug|Any CPU
		{9377AFA4-1528-4BDB-84A8-925C2AD0D062}.Release|Any CPU.ActiveCfg = Release|Any CPU
		{9377AFA4-1528-4BDB-84A8-925C2AD0D062}.Release|Any CPU.Build.0 = Release|Any CPU
		{CCD60237-56A8-4EF2-BB44-04C007DCECF5}.Debug|Any CPU.ActiveCfg = Debug|Any CPU
		{CCD60237-56A8-4EF2-BB44-04C007DCECF5}.Debug|Any CPU.Build.0 = Debug|Any CPU
		{CCD60237-56A8-4EF2-BB44-04C007DCECF5}.Release|Any CPU.ActiveCfg = Release|Any CPU
		{CCD60237-56A8-4EF2-BB44-04C007DCECF5}.Release|Any CPU.Build.0 = Release|Any CPU
		{456155AE-E486-4DD3-AC18-91CAB735F5AF}.Debug|Any CPU.ActiveCfg = Debug|Any CPU
		{456155AE-E486-4DD3-AC18-91CAB735F5AF}.Debug|Any CPU.Build.0 = Debug|Any CPU
		{456155AE-E486-4DD3-AC18-91CAB735F5AF}.Release|Any CPU.ActiveCfg = Release|Any CPU
		{456155AE-E486-4DD3-AC18-91CAB735F5AF}.Release|Any CPU.Build.0 = Release|Any CPU
		{35367918-C791-4338-8D0A-D2D74B3B9DB2}.Debug|Any CPU.ActiveCfg = Debug|Any CPU
		{35367918-C791-4338-8D0A-D2D74B3B9DB2}.Debug|Any CPU.Build.0 = Debug|Any CPU
		{35367918-C791-4338-8D0A-D2D74B3B9DB2}.Release|Any CPU.ActiveCfg = Release|Any CPU
		{35367918-C791-4338-8D0A-D2D74B3B9DB2}.Release|Any CPU.Build.0 = Release|Any CPU
	EndGlobalSection
	GlobalSection(SolutionProperties) = preSolution
		HideSolutionNode = FALSE
	EndGlobalSection
EndGlobal
